{
  "pins" : [
    {
      "identity" : "milanetwork",
      "kind" : "remoteSourceControl",
      "location" : "https://github.com/JustinLeeRepo/MilaNetwork",
      "state" : {
        "branch" : "main",
        "revision" : "5aaff4fba2df4c24215f1bbbf2e712bee772fb88"
      }
    }
  ],
  "version" : 2
}
